
Microsoft Visual Studio Solution File, Format Version 12.00
# Visual Studio Version 16
VisualStudioVersion = 16.0.28803.202
MinimumVisualStudioVersion = 10.0.40219.1
Project("{9A19103F-16F7-4668-BE54-9A1E7A4F7556}") = "GravitySimulator.Unity", "GravitySimulator.Unity\GravitySimulator.Unity.csproj", "{7D644EE9-279D-4D65-8CFD-C96A60E91296}"
EndProject
Project("{9A19103F-16F7-4668-BE54-9A1E7A4F7556}") = "GravitySimulator.Test", "GravitySimulator.Test\GravitySimulator.Test.csproj", "{CEA8B66B-071E-4FB0-BC77-0E53E8763C9E}"
EndProject
Global
	GlobalSection(SolutionConfigurationPlatforms) = preSolution
		Debug|Any CPU = Debug|Any CPU
		Release|Any CPU = Release|Any CPU
	EndGlobalSection
	GlobalSection(ProjectConfigurationPlatforms) = postSolution
		{7D644EE9-279D-4D65-8CFD-C96A60E91296}.Debug|Any CPU.ActiveCfg = Debug|Any CPU
		{7D644EE9-279D-4D65-8CFD-C96A60E91296}.Debug|Any CPU.Build.0 = Debug|Any CPU
		{7D644EE9-279D-4D65-8CFD-C96A60E91296}.Release|Any CPU.ActiveCfg = Release|Any CPU
		{7D644EE9-279D-4D65-8CFD-C96A60E91296}.Release|Any CPU.Build.0 = Release|Any CPU
		{CEA8B66B-071E-4FB0-BC77-0E53E8763C9E}.Debug|Any CPU.ActiveCfg = Debug|Any CPU
		{CEA8B66B-071E-4FB0-BC77-0E53E8763C9E}.Debug|Any CPU.Build.0 = Debug|Any CPU
		{CEA8B66B-071E-4FB0-BC77-0E53E8763C9E}.Release|Any CPU.ActiveCfg = Release|Any CPU
		{CEA8B66B-071E-4FB0-BC77-0E53E8763C9E}.Release|Any CPU.Build.0 = Release|Any CPU
	EndGlobalSection
	GlobalSection(SolutionProperties) = preSolution
		HideSolutionNode = FALSE
	EndGlobalSection
	GlobalSection(ExtensibilityGlobals) = postSolution
		SolutionGuid = {C9B29615-140E-437D-8677-77C7A5AE4825}
	EndGlobalSection
EndGlobal
